
Microsoft Visual Studio Solution File, Format Version 12.00
# Visual Studio Version 16
VisualStudioVersion = 16.0.32002.261
MinimumVisualStudioVersion = 10.0.40219.1
Project("{9A19103F-16F7-4668-BE54-9A1E7A4F7556}") = "BowlingLeague", "BowlingLeague\BowlingLeague.csproj", "{D866FE79-0369-4DF3-A544-7E651DBC863B}"
EndProject
Global
	GlobalSection(SolutionConfigurationPlatforms) = preSolution
		Debug|Any CPU = Debug|Any CPU
		Release|Any CPU = Release|Any CPU
	EndGlobalSection
	GlobalSection(ProjectConfigurationPlatforms) = postSolution
		{D866FE79-0369-4DF3-A544-7E651DBC863B}.Debug|Any CPU.ActiveCfg = Debug|Any CPU
		{D866FE79-0369-4DF3-A544-7E651DBC863B}.Debug|Any CPU.Build.0 = Debug|Any CPU
		{D866FE79-0369-4DF3-A544-7E651DBC863B}.Release|Any CPU.ActiveCfg = Release|Any CPU
		{D866FE79-0369-4DF3-A544-7E651DBC863B}.Release|Any CPU.Build.0 = Release|Any CPU
	EndGlobalSection
	GlobalSection(SolutionProperties) = preSolution
		HideSolutionNode = FALSE
	EndGlobalSection
	GlobalSection(ExtensibilityGlobals) = postSolution
		SolutionGuid = {2C6CE6C3-32FC-4524-939E-BCCCAC15B183}
	EndGlobalSection
EndGlobal
